
Microsoft Visual Studio Solution File, Format Version 12.00
# Visual Studio 14
VisualStudioVersion = 14.0.24720.0
MinimumVisualStudioVersion = 10.0.40219.1
Project("{FAE04EC0-301F-11D3-BF4B-00C04F79EFBC}") = "DrPhishel-Web", "DrPhishel-Web\DrPhishel-Web.csproj", "{B012F42C-106F-4A6E-B513-21971A32F629}"
EndProject
Global
	GlobalSection(SolutionConfigurationPlatforms) = preSolution
		Debug|Any CPU = Debug|Any CPU
		Release|Any CPU = Release|Any CPU
	EndGlobalSection
	GlobalSection(ProjectConfigurationPlatforms) = postSolution
		{B012F42C-106F-4A6E-B513-21971A32F629}.Debug|Any CPU.ActiveCfg = Debug|Any CPU
		{B012F42C-106F-4A6E-B513-21971A32F629}.Debug|Any CPU.Build.0 = Debug|Any CPU
		{B012F42C-106F-4A6E-B513-21971A32F629}.Release|Any CPU.ActiveCfg = Release|Any CPU
		{B012F42C-106F-4A6E-B513-21971A32F629}.Release|Any CPU.Build.0 = Release|Any CPU
	EndGlobalSection
	GlobalSection(SolutionProperties) = preSolution
		HideSolutionNode = FALSE
	EndGlobalSection
EndGlobal
